
Microsoft Visual Studio Solution File, Format Version 12.00
# Visual Studio Version 16
VisualStudioVersion = 16.0.30204.135
MinimumVisualStudioVersion = 10.0.40219.1
Project("{FAE04EC0-301F-11D3-BF4B-00C04F79EFBC}") = "Task1", "HomeworkLesson8\Task1.csproj", "{6B20B12F-D59F-4295-8BF9-6009AC6636C4}"
EndProject
Project("{FAE04EC0-301F-11D3-BF4B-00C04F79EFBC}") = "Task2", "Task2\Task2.csproj", "{BE507595-54AC-49E7-9AB2-10FA38E7E6B9}"
EndProject
Project("{FAE04EC0-301F-11D3-BF4B-00C04F79EFBC}") = "Task3", "Task3\Task3.csproj", "{2661A3C3-21CD-442F-83CA-C78A3B4C0750}"
EndProject
Project("{FAE04EC0-301F-11D3-BF4B-00C04F79EFBC}") = "Task4", "Task4\Task4.csproj", "{A8E806AD-238F-469E-8FFC-C988FD5B44E5}"
EndProject
Project("{FAE04EC0-301F-11D3-BF4B-00C04F79EFBC}") = "AdditionTask1", "AdditionTask1\AdditionTask1.csproj", "{8398CBE7-4CF7-4A49-827A-7AA862F379C8}"
EndProject
Global
	GlobalSection(SolutionConfigurationPlatforms) = preSolution
		Debug|Any CPU = Debug|Any CPU
		Release|Any CPU = Release|Any CPU
	EndGlobalSection
	GlobalSection(ProjectConfigurationPlatforms) = postSolution
		{6B20B12F-D59F-4295-8BF9-6009AC6636C4}.Debug|Any CPU.ActiveCfg = Debug|Any CPU
		{6B20B12F-D59F-4295-8BF9-6009AC6636C4}.Debug|Any CPU.Build.0 = Debug|Any CPU
		{6B20B12F-D59F-4295-8BF9-6009AC6636C4}.Release|Any CPU.ActiveCfg = Release|Any CPU
		{6B20B12F-D59F-4295-8BF9-6009AC6636C4}.Release|Any CPU.Build.0 = Release|Any CPU
		{BE507595-54AC-49E7-9AB2-10FA38E7E6B9}.Debug|Any CPU.ActiveCfg = Debug|Any CPU
		{BE507595-54AC-49E7-9AB2-10FA38E7E6B9}.Debug|Any CPU.Build.0 = Debug|Any CPU
		{BE507595-54AC-49E7-9AB2-10FA38E7E6B9}.Release|Any CPU.ActiveCfg = Release|Any CPU
		{BE507595-54AC-49E7-9AB2-10FA38E7E6B9}.Release|Any CPU.Build.0 = Release|Any CPU
		{2661A3C3-21CD-442F-83CA-C78A3B4C0750}.Debug|Any CPU.ActiveCfg = Debug|Any CPU
		{2661A3C3-21CD-442F-83CA-C78A3B4C0750}.Debug|Any CPU.Build.0 = Debug|Any CPU
		{2661A3C3-21CD-442F-83CA-C78A3B4C0750}.Release|Any CPU.ActiveCfg = Release|Any CPU
		{2661A3C3-21CD-442F-83CA-C78A3B4C0750}.Release|Any CPU.Build.0 = Release|Any CPU
		{A8E806AD-238F-469E-8FFC-C988FD5B44E5}.Debug|Any CPU.ActiveCfg = Debug|Any CPU
		{A8E806AD-238F-469E-8FFC-C988FD5B44E5}.Debug|Any CPU.Build.0 = Debug|Any CPU
		{A8E806AD-238F-469E-8FFC-C988FD5B44E5}.Release|Any CPU.ActiveCfg = Release|Any CPU
		{A8E806AD-238F-469E-8FFC-C988FD5B44E5}.Release|Any CPU.Build.0 = Release|Any CPU
		{8398CBE7-4CF7-4A49-827A-7AA862F379C8}.Debug|Any CPU.ActiveCfg = Debug|Any CPU
		{8398CBE7-4CF7-4A49-827A-7AA862F379C8}.Debug|Any CPU.Build.0 = Debug|Any CPU
		{8398CBE7-4CF7-4A49-827A-7AA862F379C8}.Release|Any CPU.ActiveCfg = Release|Any CPU
		{8398CBE7-4CF7-4A49-827A-7AA862F379C8}.Release|Any CPU.Build.0 = Release|Any CPU
	EndGlobalSection
	GlobalSection(SolutionProperties) = preSolution
		HideSolutionNode = FALSE
	EndGlobalSection
	GlobalSection(ExtensibilityGlobals) = postSolution
		SolutionGuid = {9589A3E1-28A0-47AF-B81B-78B58DCE0218}
	EndGlobalSection
EndGlobal
